
Microsoft Visual Studio Solution File, Format Version 12.00
# Visual Studio Version 17
VisualStudioVersion = 17.0.31903.59
MinimumVisualStudioVersion = 10.0.40219.1
Project("{FAE04EC0-301F-11D3-BF4B-00C04F79EFBC}") = "GeekStore.Core", "GeekStore.Core\GeekStore.Core.csproj", "{9F950BF5-B9EE-447E-B04A-019C0C52507D}"
EndProject
Project("{FAE04EC0-301F-11D3-BF4B-00C04F79EFBC}") = "GeekStore.Application", "GeekStore.Application\GeekStore.Application.csproj", "{FC018D92-CA63-4D74-B46C-EC15D4726395}"
EndProject
Project("{FAE04EC0-301F-11D3-BF4B-00C04F79EFBC}") = "GeekStore.Infrastructure", "GeekStore.Infrastructure\GeekStore.Infrastructure.csproj", "{E42C0547-45AA-434A-824A-EDD42B06378E}"
EndProject
Project("{FAE04EC0-301F-11D3-BF4B-00C04F79EFBC}") = "GeekStore.Api", "GeekStore.Api\GeekStore.Api.csproj", "{99A25228-37AC-4964-8804-7F62A92A07DA}"
EndProject
Global
	GlobalSection(SolutionConfigurationPlatforms) = preSolution
		Debug|Any CPU = Debug|Any CPU
		Debug|x64 = Debug|x64
		Debug|x86 = Debug|x86
		Release|Any CPU = Release|Any CPU
		Release|x64 = Release|x64
		Release|x86 = Release|x86
	EndGlobalSection
	GlobalSection(ProjectConfigurationPlatforms) = postSolution
		{9F950BF5-B9EE-447E-B04A-019C0C52507D}.Debug|Any CPU.ActiveCfg = Debug|Any CPU
		{9F950BF5-B9EE-447E-B04A-019C0C52507D}.Debug|Any CPU.Build.0 = Debug|Any CPU
		{9F950BF5-B9EE-447E-B04A-019C0C52507D}.Debug|x64.ActiveCfg = Debug|Any CPU
		{9F950BF5-B9EE-447E-B04A-019C0C52507D}.Debug|x64.Build.0 = Debug|Any CPU
		{9F950BF5-B9EE-447E-B04A-019C0C52507D}.Debug|x86.ActiveCfg = Debug|Any CPU
		{9F950BF5-B9EE-447E-B04A-019C0C52507D}.Debug|x86.Build.0 = Debug|Any CPU
		{9F950BF5-B9EE-447E-B04A-019C0C52507D}.Release|Any CPU.ActiveCfg = Release|Any CPU
		{9F950BF5-B9EE-447E-B04A-019C0C52507D}.Release|Any CPU.Build.0 = Release|Any CPU
		{9F950BF5-B9EE-447E-B04A-019C0C52507D}.Release|x64.ActiveCfg = Release|Any CPU
		{9F950BF5-B9EE-447E-B04A-019C0C52507D}.Release|x64.Build.0 = Release|Any CPU
		{9F950BF5-B9EE-447E-B04A-019C0C52507D}.Release|x86.ActiveCfg = Release|Any CPU
		{9F950BF5-B9EE-447E-B04A-019C0C52507D}.Release|x86.Build.0 = Release|Any CPU
		{FC018D92-CA63-4D74-B46C-EC15D4726395}.Debug|Any CPU.ActiveCfg = Debug|Any CPU
		{FC018D92-CA63-4D74-B46C-EC15D4726395}.Debug|Any CPU.Build.0 = Debug|Any CPU
		{FC018D92-CA63-4D74-B46C-EC15D4726395}.Debug|x64.ActiveCfg = Debug|Any CPU
		{FC018D92-CA63-4D74-B46C-EC15D4726395}.Debug|x64.Build.0 = Debug|Any CPU
		{FC018D92-CA63-4D74-B46C-EC15D4726395}.Debug|x86.ActiveCfg = Debug|Any CPU
		{FC018D92-CA63-4D74-B46C-EC15D4726395}.Debug|x86.Build.0 = Debug|Any CPU
		{FC018D92-CA63-4D74-B46C-EC15D4726395}.Release|Any CPU.ActiveCfg = Release|Any CPU
		{FC018D92-CA63-4D74-B46C-EC15D4726395}.Release|Any CPU.Build.0 = Release|Any CPU
		{FC018D92-CA63-4D74-B46C-EC15D4726395}.Release|x64.ActiveCfg = Release|Any CPU
		{FC018D92-CA63-4D74-B46C-EC15D4726395}.Release|x64.Build.0 = Release|Any CPU
		{FC018D92-CA63-4D74-B46C-EC15D4726395}.Release|x86.ActiveCfg = Release|Any CPU
		{FC018D92-CA63-4D74-B46C-EC15D4726395}.Release|x86.Build.0 = Release|Any CPU
		{E42C0547-45AA-434A-824A-EDD42B06378E}.Debug|Any CPU.ActiveCfg = Debug|Any CPU
		{E42C0547-45AA-434A-824A-EDD42B06378E}.Debug|Any CPU.Build.0 = Debug|Any CPU
		{E42C0547-45AA-434A-824A-EDD42B06378E}.Debug|x64.ActiveCfg = Debug|Any CPU
		{E42C0547-45AA-434A-824A-EDD42B06378E}.Debug|x64.Build.0 = Debug|Any CPU
		{E42C0547-45AA-434A-824A-EDD42B06378E}.Debug|x86.ActiveCfg = Debug|Any CPU
		{E42C0547-45AA-434A-824A-EDD42B06378E}.Debug|x86.Build.0 = Debug|Any CPU
		{E42C0547-45AA-434A-824A-EDD42B06378E}.Release|Any CPU.ActiveCfg = Release|Any CPU
		{E42C0547-45AA-434A-824A-EDD42B06378E}.Release|Any CPU.Build.0 = Release|Any CPU
		{E42C0547-45AA-434A-824A-EDD42B06378E}.Release|x64.ActiveCfg = Release|Any CPU
		{E42C0547-45AA-434A-824A-EDD42B06378E}.Release|x64.Build.0 = Release|Any CPU
		{E42C0547-45AA-434A-824A-EDD42B06378E}.Release|x86.ActiveCfg = Release|Any CPU
		{E42C0547-45AA-434A-824A-EDD42B06378E}.Release|x86.Build.0 = Release|Any CPU
		{99A25228-37AC-4964-8804-7F62A92A07DA}.Debug|Any CPU.ActiveCfg = Debug|Any CPU
		{99A25228-37AC-4964-8804-7F62A92A07DA}.Debug|Any CPU.Build.0 = Debug|Any CPU
		{99A25228-37AC-4964-8804-7F62A92A07DA}.Debug|x64.ActiveCfg = Debug|Any CPU
		{99A25228-37AC-4964-8804-7F62A92A07DA}.Debug|x64.Build.0 = Debug|Any CPU
		{99A25228-37AC-4964-8804-7F62A92A07DA}.Debug|x86.ActiveCfg = Debug|Any CPU
		{99A25228-37AC-4964-8804-7F62A92A07DA}.Debug|x86.Build.0 = Debug|Any CPU
		{99A25228-37AC-4964-8804-7F62A92A07DA}.Release|Any CPU.ActiveCfg = Release|Any CPU
		{99A25228-37AC-4964-8804-7F62A92A07DA}.Release|Any CPU.Build.0 = Release|Any CPU
		{99A25228-37AC-4964-8804-7F62A92A07DA}.Release|x64.ActiveCfg = Release|Any CPU
		{99A25228-37AC-4964-8804-7F62A92A07DA}.Release|x64.Build.0 = Release|Any CPU
		{99A25228-37AC-4964-8804-7F62A92A07DA}.Release|x86.ActiveCfg = Release|Any CPU
		{99A25228-37AC-4964-8804-7F62A92A07DA}.Release|x86.Build.0 = Release|Any CPU
	EndGlobalSection
	GlobalSection(SolutionProperties) = preSolution
		HideSolutionNode = FALSE
	EndGlobalSection
EndGlobal
